
Microsoft Visual Studio Solution File, Format Version 12.00
# Visual Studio Version 17
VisualStudioVersion = 17.3.32929.385
MinimumVisualStudioVersion = 10.0.40219.1
Project("{FAE04EC0-301F-11D3-BF4B-00C04F79EFBC}") = "Luis_Banica_Lab1", "Luis_Banica_Lab1.csproj", "{75B13F57-4CD5-453E-8F05-5B0943D317DF}"
EndProject
Global
	GlobalSection(SolutionConfigurationPlatforms) = preSolution
		Debug|Any CPU = Debug|Any CPU
		Release|Any CPU = Release|Any CPU
	EndGlobalSection
	GlobalSection(ProjectConfigurationPlatforms) = postSolution
		{75B13F57-4CD5-453E-8F05-5B0943D317DF}.Debug|Any CPU.ActiveCfg = Debug|Any CPU
		{75B13F57-4CD5-453E-8F05-5B0943D317DF}.Debug|Any CPU.Build.0 = Debug|Any CPU
		{75B13F57-4CD5-453E-8F05-5B0943D317DF}.Release|Any CPU.ActiveCfg = Release|Any CPU
		{75B13F57-4CD5-453E-8F05-5B0943D317DF}.Release|Any CPU.Build.0 = Release|Any CPU
	EndGlobalSection
	GlobalSection(SolutionProperties) = preSolution
		HideSolutionNode = FALSE
	EndGlobalSection
	GlobalSection(ExtensibilityGlobals) = postSolution
		SolutionGuid = {8FEB8472-9EA6-4AEC-AF1F-B970B4309F8A}
	EndGlobalSection
EndGlobal
